
Microsoft Visual Studio Solution File, Format Version 12.00
# Visual Studio 14
VisualStudioVersion = 14.0.23107.0
MinimumVisualStudioVersion = 10.0.40219.1
Project("{FAE04EC0-301F-11D3-BF4B-00C04F79EFBC}") = "Gateway", "Gateway.csproj", "{A71B519D-5FAE-434C-8E32-CF8F4519BE9F}"
EndProject
Project("{FAE04EC0-301F-11D3-BF4B-00C04F79EFBC}") = "Contracts", "..\PaymentsGateway.Contracts\Contracts.csproj", "{2C6EC9F2-63B8-4D61-A190-6BBB0634CF63}"
EndProject
Project("{FAE04EC0-301F-11D3-BF4B-00C04F79EFBC}") = "WebUI", "..\PaymentsGateway.WebUI\WebUI.csproj", "{53533BBE-8B3B-4536-8EE8-C4DDBAA0B4D1}"
EndProject
Project("{FAE04EC0-301F-11D3-BF4B-00C04F79EFBC}") = "Clearing", "..\PaymentsGateway.Clearing\Clearing.csproj", "{152F91AB-E189-4730-A199-2FF3F7FE20F1}"
EndProject
Project("{FAE04EC0-301F-11D3-BF4B-00C04F79EFBC}") = "GatewayService", "..\GatewayService\GatewayService.csproj", "{FE9D70D3-E409-4E30-8C00-0EA453E71FB9}"
EndProject
Project("{FAE04EC0-301F-11D3-BF4B-00C04F79EFBC}") = "ClearingService", "..\ClearingService\ClearingService.csproj", "{DF47CB2B-9906-44E9-8105-97046C8CD7B9}"
EndProject
Global
	GlobalSection(SolutionConfigurationPlatforms) = preSolution
		Debug|Any CPU = Debug|Any CPU
		Release|Any CPU = Release|Any CPU
	EndGlobalSection
	GlobalSection(ProjectConfigurationPlatforms) = postSolution
		{A71B519D-5FAE-434C-8E32-CF8F4519BE9F}.Debug|Any CPU.ActiveCfg = Debug|Any CPU
		{A71B519D-5FAE-434C-8E32-CF8F4519BE9F}.Debug|Any CPU.Build.0 = Debug|Any CPU
		{A71B519D-5FAE-434C-8E32-CF8F4519BE9F}.Release|Any CPU.ActiveCfg = Release|Any CPU
		{A71B519D-5FAE-434C-8E32-CF8F4519BE9F}.Release|Any CPU.Build.0 = Release|Any CPU
		{2C6EC9F2-63B8-4D61-A190-6BBB0634CF63}.Debug|Any CPU.ActiveCfg = Debug|Any CPU
		{2C6EC9F2-63B8-4D61-A190-6BBB0634CF63}.Debug|Any CPU.Build.0 = Debug|Any CPU
		{2C6EC9F2-63B8-4D61-A190-6BBB0634CF63}.Release|Any CPU.ActiveCfg = Release|Any CPU
		{2C6EC9F2-63B8-4D61-A190-6BBB0634CF63}.Release|Any CPU.Build.0 = Release|Any CPU
		{53533BBE-8B3B-4536-8EE8-C4DDBAA0B4D1}.Debug|Any CPU.ActiveCfg = Debug|Any CPU
		{53533BBE-8B3B-4536-8EE8-C4DDBAA0B4D1}.Debug|Any CPU.Build.0 = Debug|Any CPU
		{53533BBE-8B3B-4536-8EE8-C4DDBAA0B4D1}.Release|Any CPU.ActiveCfg = Release|Any CPU
		{53533BBE-8B3B-4536-8EE8-C4DDBAA0B4D1}.Release|Any CPU.Build.0 = Release|Any CPU
		{152F91AB-E189-4730-A199-2FF3F7FE20F1}.Debug|Any CPU.ActiveCfg = Debug|Any CPU
		{152F91AB-E189-4730-A199-2FF3F7FE20F1}.Debug|Any CPU.Build.0 = Debug|Any CPU
		{152F91AB-E189-4730-A199-2FF3F7FE20F1}.Release|Any CPU.ActiveCfg = Release|Any CPU
		{152F91AB-E189-4730-A199-2FF3F7FE20F1}.Release|Any CPU.Build.0 = Release|Any CPU
		{FE9D70D3-E409-4E30-8C00-0EA453E71FB9}.Debug|Any CPU.ActiveCfg = Debug|Any CPU
		{FE9D70D3-E409-4E30-8C00-0EA453E71FB9}.Debug|Any CPU.Build.0 = Debug|Any CPU
		{FE9D70D3-E409-4E30-8C00-0EA453E71FB9}.Release|Any CPU.ActiveCfg = Release|Any CPU
		{FE9D70D3-E409-4E30-8C00-0EA453E71FB9}.Release|Any CPU.Build.0 = Release|Any CPU
		{DF47CB2B-9906-44E9-8105-97046C8CD7B9}.Debug|Any CPU.ActiveCfg = Debug|Any CPU
		{DF47CB2B-9906-44E9-8105-97046C8CD7B9}.Debug|Any CPU.Build.0 = Debug|Any CPU
		{DF47CB2B-9906-44E9-8105-97046C8CD7B9}.Release|Any CPU.ActiveCfg = Release|Any CPU
		{DF47CB2B-9906-44E9-8105-97046C8CD7B9}.Release|Any CPU.Build.0 = Release|Any CPU
	EndGlobalSection
	GlobalSection(SolutionProperties) = preSolution
		HideSolutionNode = FALSE
	EndGlobalSection
EndGlobal
